
Microsoft Visual Studio Solution File, Format Version 12.00
# Visual Studio Version 17
VisualStudioVersion = 17.7.34031.279
MinimumVisualStudioVersion = 10.0.40219.1
Project("{9A19103F-16F7-4668-BE54-9A1E7A4F7556}") = "RealEst", "RealEst\RealEst.csproj", "{4E1A64F5-A565-4BD5-9A97-897EBEF59AA2}"
EndProject
Project("{FAE04EC0-301F-11D3-BF4B-00C04F79EFBC}") = "RealEst.Core", "RealEst.Core\RealEst.Core.csproj", "{B60B07B3-E7C0-45DC-875B-8450CDEEAB79}"
EndProject
Project("{FAE04EC0-301F-11D3-BF4B-00C04F79EFBC}") = "RealEst.DataAccess", "RealEst.DataAccess\RealEst.DataAccess.csproj", "{5A15B1FE-3931-4EA3-86F5-0EC3B2D8DD71}"
EndProject
Project("{FAE04EC0-301F-11D3-BF4B-00C04F79EFBC}") = "RealEst.Services", "RealEst.Services\RealEst.Services.csproj", "{F762D133-6BE3-49D3-A46A-EBB5837B0B42}"
EndProject
Global
	GlobalSection(SolutionConfigurationPlatforms) = preSolution
		Debug|Any CPU = Debug|Any CPU
		Release|Any CPU = Release|Any CPU
	EndGlobalSection
	GlobalSection(ProjectConfigurationPlatforms) = postSolution
		{4E1A64F5-A565-4BD5-9A97-897EBEF59AA2}.Debug|Any CPU.ActiveCfg = Debug|Any CPU
		{4E1A64F5-A565-4BD5-9A97-897EBEF59AA2}.Debug|Any CPU.Build.0 = Debug|Any CPU
		{4E1A64F5-A565-4BD5-9A97-897EBEF59AA2}.Release|Any CPU.ActiveCfg = Release|Any CPU
		{4E1A64F5-A565-4BD5-9A97-897EBEF59AA2}.Release|Any CPU.Build.0 = Release|Any CPU
		{B60B07B3-E7C0-45DC-875B-8450CDEEAB79}.Debug|Any CPU.ActiveCfg = Debug|Any CPU
		{B60B07B3-E7C0-45DC-875B-8450CDEEAB79}.Debug|Any CPU.Build.0 = Debug|Any CPU
		{B60B07B3-E7C0-45DC-875B-8450CDEEAB79}.Release|Any CPU.ActiveCfg = Release|Any CPU
		{B60B07B3-E7C0-45DC-875B-8450CDEEAB79}.Release|Any CPU.Build.0 = Release|Any CPU
		{5A15B1FE-3931-4EA3-86F5-0EC3B2D8DD71}.Debug|Any CPU.ActiveCfg = Debug|Any CPU
		{5A15B1FE-3931-4EA3-86F5-0EC3B2D8DD71}.Debug|Any CPU.Build.0 = Debug|Any CPU
		{5A15B1FE-3931-4EA3-86F5-0EC3B2D8DD71}.Release|Any CPU.ActiveCfg = Release|Any CPU
		{5A15B1FE-3931-4EA3-86F5-0EC3B2D8DD71}.Release|Any CPU.Build.0 = Release|Any CPU
		{F762D133-6BE3-49D3-A46A-EBB5837B0B42}.Debug|Any CPU.ActiveCfg = Debug|Any CPU
		{F762D133-6BE3-49D3-A46A-EBB5837B0B42}.Debug|Any CPU.Build.0 = Debug|Any CPU
		{F762D133-6BE3-49D3-A46A-EBB5837B0B42}.Release|Any CPU.ActiveCfg = Release|Any CPU
		{F762D133-6BE3-49D3-A46A-EBB5837B0B42}.Release|Any CPU.Build.0 = Release|Any CPU
	EndGlobalSection
	GlobalSection(SolutionProperties) = preSolution
		HideSolutionNode = FALSE
	EndGlobalSection
	GlobalSection(ExtensibilityGlobals) = postSolution
		SolutionGuid = {FBFD64DD-6FC6-43CE-B212-674588332532}
	EndGlobalSection
EndGlobal
